
Microsoft Visual Studio Solution File, Format Version 12.00
# Visual Studio Version 16
VisualStudioVersion = 16.0.32228.343
MinimumVisualStudioVersion = 10.0.40219.1
Project("{9A19103F-16F7-4668-BE54-9A1E7A4F7556}") = "ABBTask", "ABBTask\ABBTask.csproj", "{E01225E5-2D06-47DE-8594-AF0C6CF95D38}"
EndProject
Global
	GlobalSection(SolutionConfigurationPlatforms) = preSolution
		Debug|Any CPU = Debug|Any CPU
		Release|Any CPU = Release|Any CPU
	EndGlobalSection
	GlobalSection(ProjectConfigurationPlatforms) = postSolution
		{E01225E5-2D06-47DE-8594-AF0C6CF95D38}.Debug|Any CPU.ActiveCfg = Debug|Any CPU
		{E01225E5-2D06-47DE-8594-AF0C6CF95D38}.Debug|Any CPU.Build.0 = Debug|Any CPU
		{E01225E5-2D06-47DE-8594-AF0C6CF95D38}.Release|Any CPU.ActiveCfg = Release|Any CPU
		{E01225E5-2D06-47DE-8594-AF0C6CF95D38}.Release|Any CPU.Build.0 = Release|Any CPU
	EndGlobalSection
	GlobalSection(SolutionProperties) = preSolution
		HideSolutionNode = FALSE
	EndGlobalSection
	GlobalSection(ExtensibilityGlobals) = postSolution
		SolutionGuid = {A9B5A449-BB55-4114-905F-D3CA8E955F97}
	EndGlobalSection
EndGlobal
